<?xml version="1.0" encoding="utf-8"?>
<Project ToolsVersion="4.0" xmlns="http://schemas.microsoft.com/developer/msbuild/2003">
  <ItemGroup>
    <Filter Include="Xero">
      <UniqueIdentifier>{A30D8F7C-8F44-900D-3831-761024470C0F}</UniqueIdentifier>
    </Filter>
    <Filter Include="Xero\Core">
      <UniqueIdentifier>{DB2FB180-479A-65F7-90D8-169DFC81434C}</UniqueIdentifier>
    </Filter>
    <Filter Include="Xero\Events">
      <UniqueIdentifier>{27A4DE76-9359-576C-1C4E-514388024E70}</UniqueIdentifier>
    </Filter>
  </ItemGroup>
  <ItemGroup>
    <ClInclude Include="src\Xero.h" />
    <ClInclude Include="src\Xero\Core\Application.h">
      <Filter>Xero\Core</Filter>
    </ClInclude>
    <ClInclude Include="src\Xero\Core\Base.h">
      <Filter>Xero\Core</Filter>
    </ClInclude>
    <ClInclude Include="src\Xero\Core\Entrypoint.h">
      <Filter>Xero\Core</Filter>
    </ClInclude>
    <ClInclude Include="src\Xero\Core\Log.h">
      <Filter>Xero\Core</Filter>
    </ClInclude>
    <ClInclude Include="src\Xero\Events\ApplicationEvent.h">
      <Filter>Xero\Events</Filter>
    </ClInclude>
    <ClInclude Include="src\Xero\Events\Event.h">
      <Filter>Xero\Events</Filter>
    </ClInclude>
    <ClInclude Include="src\Xero\Events\KeyEvent.h">
      <Filter>Xero\Events</Filter>
    </ClInclude>
    <ClInclude Include="src\Xero\Events\MouseEvent.h">
      <Filter>Xero\Events</Filter>
    </ClInclude>
    <ClInclude Include="src\xopch.h" />
  </ItemGroup>
  <ItemGroup>
    <ClCompile Include="src\Xero\Core\Application.cpp">
      <Filter>Xero\Core</Filter>
    </ClCompile>
    <ClCompile Include="src\Xero\Core\Log.cpp">
      <Filter>Xero\Core</Filter>
    </ClCompile>
    <ClCompile Include="src\xopch.cpp" />
  </ItemGroup>
</Project>